
Microsoft Visual Studio Solution File, Format Version 12.00
# Visual Studio Version 17
VisualStudioVersion = 17.11.35327.3
MinimumVisualStudioVersion = 10.0.40219.1
Project("{FAE04EC0-301F-11D3-BF4B-00C04F79EFBC}") = "UriDialog", "UriDialog\UriDialog.csproj", "{4A2BD59E-75C2-4354-9A58-84A9FF7065FD}"
EndProject
Global
	GlobalSection(SolutionConfigurationPlatforms) = preSolution
		Debug|Any CPU = Debug|Any CPU
		Release|Any CPU = Release|Any CPU
	EndGlobalSection
	GlobalSection(ProjectConfigurationPlatforms) = postSolution
		{4A2BD59E-75C2-4354-9A58-84A9FF7065FD}.Debug|Any CPU.ActiveCfg = Debug|Any CPU
		{4A2BD59E-75C2-4354-9A58-84A9FF7065FD}.Debug|Any CPU.Build.0 = Debug|Any CPU
		{4A2BD59E-75C2-4354-9A58-84A9FF7065FD}.Release|Any CPU.ActiveCfg = Release|Any CPU
		{4A2BD59E-75C2-4354-9A58-84A9FF7065FD}.Release|Any CPU.Build.0 = Release|Any CPU
	EndGlobalSection
	GlobalSection(SolutionProperties) = preSolution
		HideSolutionNode = FALSE
	EndGlobalSection
	GlobalSection(ExtensibilityGlobals) = postSolution
		SolutionGuid = {7D71E735-878B-4AB7-AD77-ABAF748A60B6}
	EndGlobalSection
EndGlobal
