
Microsoft Visual Studio Solution File, Format Version 12.00
# Visual Studio Version 17
VisualStudioVersion = 17.11.35327.3
MinimumVisualStudioVersion = 10.0.40219.1
Project("{FAE04EC0-301F-11D3-BF4B-00C04F79EFBC}") = "ScrollFiftyButtons", "ScrollFiftyButtons\ScrollFiftyButtons.csproj", "{3296BB3B-3F97-4D39-9DF5-35911D5008CD}"
EndProject
Global
	GlobalSection(SolutionConfigurationPlatforms) = preSolution
		Debug|Any CPU = Debug|Any CPU
		Release|Any CPU = Release|Any CPU
	EndGlobalSection
	GlobalSection(ProjectConfigurationPlatforms) = postSolution
		{3296BB3B-3F97-4D39-9DF5-35911D5008CD}.Debug|Any CPU.ActiveCfg = Debug|Any CPU
		{3296BB3B-3F97-4D39-9DF5-35911D5008CD}.Debug|Any CPU.Build.0 = Debug|Any CPU
		{3296BB3B-3F97-4D39-9DF5-35911D5008CD}.Release|Any CPU.ActiveCfg = Release|Any CPU
		{3296BB3B-3F97-4D39-9DF5-35911D5008CD}.Release|Any CPU.Build.0 = Release|Any CPU
	EndGlobalSection
	GlobalSection(SolutionProperties) = preSolution
		HideSolutionNode = FALSE
	EndGlobalSection
	GlobalSection(ExtensibilityGlobals) = postSolution
		SolutionGuid = {F28CE94D-A3C2-40BC-9684-6C24BAB0CD63}
	EndGlobalSection
EndGlobal
